PODS:
  - Branch (0.28.1):
    - Branch/Core (= 0.28.1)
  - Branch/Core (0.28.1)

DEPENDENCIES:
  - Branch

SPEC REPOS:
  https://github.com/cocoapods/specs.git:
    - Branch

SPEC CHECKSUMS:
  Branch: edf6cab0cecb437d6a6abba3a25d0a0fa6f277ec

PODFILE CHECKSUM: 939771dd4324c206ad5fdb43ff8f70d99e484a63

COCOAPODS: 1.5.3
